
Microsoft Visual Studio Solution File, Format Version 12.00
# Visual Studio Express 15 for Windows Desktop
VisualStudioVersion = 15.0.28010.2003
MinimumVisualStudioVersion = 10.0.40219.1
Project("{FAE04EC0-301F-11D3-BF4B-00C04F79EFBC}") = "PersonaInquilino", "PersonaInquilino\PersonaInquilino.csproj", "{DF7F3876-C3FD-4A82-8580-8F558E2BE479}"
EndProject
Global
	GlobalSection(SolutionConfigurationPlatforms) = preSolution
		Debug|Any CPU = Debug|Any CPU
		Release|Any CPU = Release|Any CPU
	EndGlobalSection
	GlobalSection(ProjectConfigurationPlatforms) = postSolution
		{DF7F3876-C3FD-4A82-8580-8F558E2BE479}.Debug|Any CPU.ActiveCfg = Debug|Any CPU
		{DF7F3876-C3FD-4A82-8580-8F558E2BE479}.Debug|Any CPU.Build.0 = Debug|Any CPU
		{DF7F3876-C3FD-4A82-8580-8F558E2BE479}.Release|Any CPU.ActiveCfg = Release|Any CPU
		{DF7F3876-C3FD-4A82-8580-8F558E2BE479}.Release|Any CPU.Build.0 = Release|Any CPU
	EndGlobalSection
	GlobalSection(SolutionProperties) = preSolution
		HideSolutionNode = FALSE
	EndGlobalSection
	GlobalSection(ExtensibilityGlobals) = postSolution
		SolutionGuid = {0690D0FB-E31F-4B21-A519-8F4BAB77EC67}
	EndGlobalSection
EndGlobal
